
Microsoft Visual Studio Solution File, Format Version 12.00
# Visual Studio 15
VisualStudioVersion = 15.0.27428.2002
MinimumVisualStudioVersion = 10.0.40219.1
Project("{FAE04EC0-301F-11D3-BF4B-00C04F79EFBC}") = "AppLands.Android", "AppLands\AppLands.Android\AppLands.Android.csproj", "{4A7E9959-B7EE-4E2B-A2A7-3C8C5B377638}"
	ProjectSection(ProjectDependencies) = postProject
		{AAC54591-5640-4E5C-BCA6-10FA88AC53DC} = {AAC54591-5640-4E5C-BCA6-10FA88AC53DC}
	EndProjectSection
EndProject
Project("{9A19103F-16F7-4668-BE54-9A1E7A4F7556}") = "AppLands", "AppLands\AppLands\AppLands.csproj", "{AAC54591-5640-4E5C-BCA6-10FA88AC53DC}"
EndProject
Global
	GlobalSection(SolutionConfigurationPlatforms) = preSolution
		Ad-Hoc|Any CPU = Ad-Hoc|Any CPU
		Ad-Hoc|ARM = Ad-Hoc|ARM
		Ad-Hoc|iPhone = Ad-Hoc|iPhone
		Ad-Hoc|iPhoneSimulator = Ad-Hoc|iPhoneSimulator
		Ad-Hoc|x64 = Ad-Hoc|x64
		Ad-Hoc|x86 = Ad-Hoc|x86
		AppStore|Any CPU = AppStore|Any CPU
		AppStore|ARM = AppStore|ARM
		AppStore|iPhone = AppStore|iPhone
		AppStore|iPhoneSimulator = AppStore|iPhoneSimulator
		AppStore|x64 = AppStore|x64
		AppStore|x86 = AppStore|x86
		Debug|Any CPU = Debug|Any CPU
		Debug|ARM = Debug|ARM
		Debug|iPhone = Debug|iPhone
		Debug|iPhoneSimulator = Debug|iPhoneSimulator
		Debug|x64 = Debug|x64
		Debug|x86 = Debug|x86
		Release|Any CPU = Release|Any CPU
		Release|ARM = Release|ARM
		Release|iPhone = Release|iPhone
		Release|iPhoneSimulator = Release|iPhoneSimulator
		Release|x64 = Release|x64
		Release|x86 = Release|x86
	EndGlobalSection
	GlobalSection(ProjectConfigurationPlatforms) = postSolution
		{4A7E9959-B7EE-4E2B-A2A7-3C8C5B377638}.Ad-Hoc|Any CPU.ActiveCfg = Release|Any CPU
		{4A7E9959-B7EE-4E2B-A2A7-3C8C5B377638}.Ad-Hoc|Any CPU.Build.0 = Release|Any CPU
		{4A7E9959-B7EE-4E2B-A2A7-3C8C5B377638}.Ad-Hoc|Any CPU.Deploy.0 = Release|Any CPU
		{4A7E9959-B7EE-4E2B-A2A7-3C8C5B377638}.Ad-Hoc|ARM.ActiveCfg = Release|Any CPU
		{4A7E9959-B7EE-4E2B-A2A7-3C8C5B377638}.Ad-Hoc|ARM.Build.0 = Release|Any CPU
		{4A7E9959-B7EE-4E2B-A2A7-3C8C5B377638}.Ad-Hoc|ARM.Deploy.0 = Release|Any CPU
		{4A7E9959-B7EE-4E2B-A2A7-3C8C5B377638}.Ad-Hoc|iPhone.ActiveCfg = Release|Any CPU
		{4A7E9959-B7EE-4E2B-A2A7-3C8C5B377638}.Ad-Hoc|iPhone.Build.0 = Release|Any CPU
		{4A7E9959-B7EE-4E2B-A2A7-3C8C5B377638}.Ad-Hoc|iPhone.Deploy.0 = Release|Any CPU
		{4A7E9959-B7EE-4E2B-A2A7-3C8C5B377638}.Ad-Hoc|iPhoneSimulator.ActiveCfg = Release|Any CPU
		{4A7E9959-B7EE-4E2B-A2A7-3C8C5B377638}.Ad-Hoc|iPhoneSimulator.Build.0 = Release|Any CPU
		{4A7E9959-B7EE-4E2B-A2A7-3C8C5B377638}.Ad-Hoc|iPhoneSimulator.Deploy.0 = Release|Any CPU
		{4A7E9959-B7EE-4E2B-A2A7-3C8C5B377638}.Ad-Hoc|x64.ActiveCfg = Release|Any CPU
		{4A7E9959-B7EE-4E2B-A2A7-3C8C5B377638}.Ad-Hoc|x64.Build.0 = Release|Any CPU
		{4A7E9959-B7EE-4E2B-A2A7-3C8C5B377638}.Ad-Hoc|x64.Deploy.0 = Release|Any CPU
		{4A7E9959-B7EE-4E2B-A2A7-3C8C5B377638}.Ad-Hoc|x86.ActiveCfg = Release|Any CPU
		{4A7E9959-B7EE-4E2B-A2A7-3C8C5B377638}.Ad-Hoc|x86.Build.0 = Release|Any CPU
		{4A7E9959-B7EE-4E2B-A2A7-3C8C5B377638}.Ad-Hoc|x86.Deploy.0 = Release|Any CPU
		{4A7E9959-B7EE-4E2B-A2A7-3C8C5B377638}.AppStore|Any CPU.ActiveCfg = Release|Any CPU
		{4A7E9959-B7EE-4E2B-A2A7-3C8C5B377638}.AppStore|Any CPU.Build.0 = Release|Any CPU
		{4A7E9959-B7EE-4E2B-A2A7-3C8C5B377638}.AppStore|Any CPU.Deploy.0 = Release|Any CPU
		{4A7E9959-B7EE-4E2B-A2A7-3C8C5B377638}.AppStore|ARM.ActiveCfg = Release|Any CPU
		{4A7E9959-B7EE-4E2B-A2A7-3C8C5B377638}.AppStore|ARM.Build.0 = Release|Any CPU
		{4A7E9959-B7EE-4E2B-A2A7-3C8C5B377638}.AppStore|ARM.Deploy.0 = Release|Any CPU
		{4A7E9959-B7EE-4E2B-A2A7-3C8C5B377638}.AppStore|iPhone.ActiveCfg = Release|Any CPU
		{4A7E9959-B7EE-4E2B-A2A7-3C8C5B377638}.AppStore|iPhone.Build.0 = Release|Any CPU
		{4A7E9959-B7EE-4E2B-A2A7-3C8C5B377638}.AppStore|iPhone.Deploy.0 = Release|Any CPU
		{4A7E9959-B7EE-4E2B-A2A7-3C8C5B377638}.AppStore|iPhoneSimulator.ActiveCfg = Release|Any CPU
		{4A7E9959-B7EE-4E2B-A2A7-3C8C5B377638}.AppStore|iPhoneSimulator.Build.0 = Release|Any CPU
		{4A7E9959-B7EE-4E2B-A2A7-3C8C5B377638}.AppStore|iPhoneSimulator.Deploy.0 = Release|Any CPU
		{4A7E9959-B7EE-4E2B-A2A7-3C8C5B377638}.AppStore|x64.ActiveCfg = Release|Any CPU
		{4A7E9959-B7EE-4E2B-A2A7-3C8C5B377638}.AppStore|x64.Build.0 = Release|Any CPU
		{4A7E9959-B7EE-4E2B-A2A7-3C8C5B377638}.AppStore|x64.Deploy.0 = Release|Any CPU
		{4A7E9959-B7EE-4E2B-A2A7-3C8C5B377638}.AppStore|x86.ActiveCfg = Release|Any CPU
		{4A7E9959-B7EE-4E2B-A2A7-3C8C5B377638}.AppStore|x86.Build.0 = Release|Any CPU
		{4A7E9959-B7EE-4E2B-A2A7-3C8C5B377638}.AppStore|x86.Deploy.0 = Release|Any CPU
		{4A7E9959-B7EE-4E2B-A2A7-3C8C5B377638}.Debug|Any CPU.ActiveCfg = Debug|Any CPU
		{4A7E9959-B7EE-4E2B-A2A7-3C8C5B377638}.Debug|Any CPU.Build.0 = Debug|Any CPU
		{4A7E9959-B7EE-4E2B-A2A7-3C8C5B377638}.Debug|Any CPU.Deploy.0 = Debug|Any CPU
		{4A7E9959-B7EE-4E2B-A2A7-3C8C5B377638}.Debug|ARM.ActiveCfg = Debug|Any CPU
		{4A7E9959-B7EE-4E2B-A2A7-3C8C5B377638}.Debug|ARM.Build.0 = Debug|Any CPU
		{4A7E9959-B7EE-4E2B-A2A7-3C8C5B377638}.Debug|ARM.Deploy.0 = Debug|Any CPU
		{4A7E9959-B7EE-4E2B-A2A7-3C8C5B377638}.Debug|iPhone.ActiveCfg = Debug|Any CPU
		{4A7E9959-B7EE-4E2B-A2A7-3C8C5B377638}.Debug|iPhone.Build.0 = Debug|Any CPU
		{4A7E9959-B7EE-4E2B-A2A7-3C8C5B377638}.Debug|iPhone.Deploy.0 = Debug|Any CPU
		{4A7E9959-B7EE-4E2B-A2A7-3C8C5B377638}.Debug|iPhoneSimulator.ActiveCfg = Debug|Any CPU
		{4A7E9959-B7EE-4E2B-A2A7-3C8C5B377638}.Debug|iPhoneSimulator.Build.0 = Debug|Any CPU
		{4A7E9959-B7EE-4E2B-A2A7-3C8C5B377638}.Debug|iPhoneSimulator.Deploy.0 = Debug|Any CPU
		{4A7E9959-B7EE-4E2B-A2A7-3C8C5B377638}.Debug|x64.ActiveCfg = Debug|Any CPU
		{4A7E9959-B7EE-4E2B-A2A7-3C8C5B377638}.Debug|x64.Build.0 = Debug|Any CPU
		{4A7E9959-B7EE-4E2B-A2A7-3C8C5B377638}.Debug|x64.Deploy.0 = Debug|Any CPU
		{4A7E9959-B7EE-4E2B-A2A7-3C8C5B377638}.Debug|x86.ActiveCfg = Debug|Any CPU
		{4A7E9959-B7EE-4E2B-A2A7-3C8C5B377638}.Debug|x86.Build.0 = Debug|Any CPU
		{4A7E9959-B7EE-4E2B-A2A7-3C8C5B377638}.Debug|x86.Deploy.0 = Debug|Any CPU
		{4A7E9959-B7EE-4E2B-A2A7-3C8C5B377638}.Release|Any CPU.ActiveCfg = Release|Any CPU
		{4A7E9959-B7EE-4E2B-A2A7-3C8C5B377638}.Release|Any CPU.Build.0 = Release|Any CPU
		{4A7E9959-B7EE-4E2B-A2A7-3C8C5B377638}.Release|Any CPU.Deploy.0 = Release|Any CPU
		{4A7E9959-B7EE-4E2B-A2A7-3C8C5B377638}.Release|ARM.ActiveCfg = Release|Any CPU
		{4A7E9959-B7EE-4E2B-A2A7-3C8C5B377638}.Release|ARM.Build.0 = Release|Any CPU
		{4A7E9959-B7EE-4E2B-A2A7-3C8C5B377638}.Release|ARM.Deploy.0 = Release|Any CPU
		{4A7E9959-B7EE-4E2B-A2A7-3C8C5B377638}.Release|iPhone.ActiveCfg = Release|Any CPU
		{4A7E9959-B7EE-4E2B-A2A7-3C8C5B377638}.Release|iPhone.Build.0 = Release|Any CPU
		{4A7E9959-B7EE-4E2B-A2A7-3C8C5B377638}.Release|iPhone.Deploy.0 = Release|Any CPU
		{4A7E9959-B7EE-4E2B-A2A7-3C8C5B377638}.Release|iPhoneSimulator.ActiveCfg = Release|Any CPU
		{4A7E9959-B7EE-4E2B-A2A7-3C8C5B377638}.Release|iPhoneSimulator.Build.0 = Release|Any CPU
		{4A7E9959-B7EE-4E2B-A2A7-3C8C5B377638}.Release|iPhoneSimulator.Deploy.0 = Release|Any CPU
		{4A7E9959-B7EE-4E2B-A2A7-3C8C5B377638}.Release|x64.ActiveCfg = Release|Any CPU
		{4A7E9959-B7EE-4E2B-A2A7-3C8C5B377638}.Release|x64.Build.0 = Release|Any CPU
		{4A7E9959-B7EE-4E2B-A2A7-3C8C5B377638}.Release|x64.Deploy.0 = Release|Any CPU
		{4A7E9959-B7EE-4E2B-A2A7-3C8C5B377638}.Release|x86.ActiveCfg = Release|Any CPU
		{4A7E9959-B7EE-4E2B-A2A7-3C8C5B377638}.Release|x86.Build.0 = Release|Any CPU
		{4A7E9959-B7EE-4E2B-A2A7-3C8C5B377638}.Release|x86.Deploy.0 = Release|Any CPU
		{AAC54591-5640-4E5C-BCA6-10FA88AC53DC}.Ad-Hoc|Any CPU.ActiveCfg = Debug|Any CPU
		{AAC54591-5640-4E5C-BCA6-10FA88AC53DC}.Ad-Hoc|Any CPU.Build.0 = Debug|Any CPU
		{AAC54591-5640-4E5C-BCA6-10FA88AC53DC}.Ad-Hoc|ARM.ActiveCfg = Debug|Any CPU
		{AAC54591-5640-4E5C-BCA6-10FA88AC53DC}.Ad-Hoc|ARM.Build.0 = Debug|Any CPU
		{AAC54591-5640-4E5C-BCA6-10FA88AC53DC}.Ad-Hoc|iPhone.ActiveCfg = Debug|Any CPU
		{AAC54591-5640-4E5C-BCA6-10FA88AC53DC}.Ad-Hoc|iPhone.Build.0 = Debug|Any CPU
		{AAC54591-5640-4E5C-BCA6-10FA88AC53DC}.Ad-Hoc|iPhoneSimulator.ActiveCfg = Debug|Any CPU
		{AAC54591-5640-4E5C-BCA6-10FA88AC53DC}.Ad-Hoc|iPhoneSimulator.Build.0 = Debug|Any CPU
		{AAC54591-5640-4E5C-BCA6-10FA88AC53DC}.Ad-Hoc|x64.ActiveCfg = Debug|Any CPU
		{AAC54591-5640-4E5C-BCA6-10FA88AC53DC}.Ad-Hoc|x64.Build.0 = Debug|Any CPU
		{AAC54591-5640-4E5C-BCA6-10FA88AC53DC}.Ad-Hoc|x86.ActiveCfg = Debug|Any CPU
		{AAC54591-5640-4E5C-BCA6-10FA88AC53DC}.Ad-Hoc|x86.Build.0 = Debug|Any CPU
		{AAC54591-5640-4E5C-BCA6-10FA88AC53DC}.AppStore|Any CPU.ActiveCfg = Debug|Any CPU
		{AAC54591-5640-4E5C-BCA6-10FA88AC53DC}.AppStore|Any CPU.Build.0 = Debug|Any CPU
		{AAC54591-5640-4E5C-BCA6-10FA88AC53DC}.AppStore|ARM.ActiveCfg = Debug|Any CPU
		{AAC54591-5640-4E5C-BCA6-10FA88AC53DC}.AppStore|ARM.Build.0 = Debug|Any CPU
		{AAC54591-5640-4E5C-BCA6-10FA88AC53DC}.AppStore|iPhone.ActiveCfg = Debug|Any CPU
		{AAC54591-5640-4E5C-BCA6-10FA88AC53DC}.AppStore|iPhone.Build.0 = Debug|Any CPU
		{AAC54591-5640-4E5C-BCA6-10FA88AC53DC}.AppStore|iPhoneSimulator.ActiveCfg = Debug|Any CPU
		{AAC54591-5640-4E5C-BCA6-10FA88AC53DC}.AppStore|iPhoneSimulator.Build.0 = Debug|Any CPU
		{AAC54591-5640-4E5C-BCA6-10FA88AC53DC}.AppStore|x64.ActiveCfg = Debug|Any CPU
		{AAC54591-5640-4E5C-BCA6-10FA88AC53DC}.AppStore|x64.Build.0 = Debug|Any CPU
		{AAC54591-5640-4E5C-BCA6-10FA88AC53DC}.AppStore|x86.ActiveCfg = Debug|Any CPU
		{AAC54591-5640-4E5C-BCA6-10FA88AC53DC}.AppStore|x86.Build.0 = Debug|Any CPU
		{AAC54591-5640-4E5C-BCA6-10FA88AC53DC}.Debug|Any CPU.ActiveCfg = Debug|Any CPU
		{AAC54591-5640-4E5C-BCA6-10FA88AC53DC}.Debug|Any CPU.Build.0 = Debug|Any CPU
		{AAC54591-5640-4E5C-BCA6-10FA88AC53DC}.Debug|ARM.ActiveCfg = Debug|Any CPU
		{AAC54591-5640-4E5C-BCA6-10FA88AC53DC}.Debug|ARM.Build.0 = Debug|Any CPU
		{AAC54591-5640-4E5C-BCA6-10FA88AC53DC}.Debug|iPhone.ActiveCfg = Debug|Any CPU
		{AAC54591-5640-4E5C-BCA6-10FA88AC53DC}.Debug|iPhone.Build.0 = Debug|Any CPU
		{AAC54591-5640-4E5C-BCA6-10FA88AC53DC}.Debug|iPhoneSimulator.ActiveCfg = Debug|Any CPU
		{AAC54591-5640-4E5C-BCA6-10FA88AC53DC}.Debug|iPhoneSimulator.Build.0 = Debug|Any CPU
		{AAC54591-5640-4E5C-BCA6-10FA88AC53DC}.Debug|x64.ActiveCfg = Debug|Any CPU
		{AAC54591-5640-4E5C-BCA6-10FA88AC53DC}.Debug|x64.Build.0 = Debug|Any CPU
		{AAC54591-5640-4E5C-BCA6-10FA88AC53DC}.Debug|x86.ActiveCfg = Debug|Any CPU
		{AAC54591-5640-4E5C-BCA6-10FA88AC53DC}.Debug|x86.Build.0 = Debug|Any CPU
		{AAC54591-5640-4E5C-BCA6-10FA88AC53DC}.Release|Any CPU.ActiveCfg = Release|Any CPU
		{AAC54591-5640-4E5C-BCA6-10FA88AC53DC}.Release|Any CPU.Build.0 = Release|Any CPU
		{AAC54591-5640-4E5C-BCA6-10FA88AC53DC}.Release|ARM.ActiveCfg = Release|Any CPU
		{AAC54591-5640-4E5C-BCA6-10FA88AC53DC}.Release|ARM.Build.0 = Release|Any CPU
		{AAC54591-5640-4E5C-BCA6-10FA88AC53DC}.Release|iPhone.ActiveCfg = Release|Any CPU
		{AAC54591-5640-4E5C-BCA6-10FA88AC53DC}.Release|iPhone.Build.0 = Release|Any CPU
		{AAC54591-5640-4E5C-BCA6-10FA88AC53DC}.Release|iPhoneSimulator.ActiveCfg = Release|Any CPU
		{AAC54591-5640-4E5C-BCA6-10FA88AC53DC}.Release|iPhoneSimulator.Build.0 = Release|Any CPU
		{AAC54591-5640-4E5C-BCA6-10FA88AC53DC}.Release|x64.ActiveCfg = Release|Any CPU
		{AAC54591-5640-4E5C-BCA6-10FA88AC53DC}.Release|x64.Build.0 = Release|Any CPU
		{AAC54591-5640-4E5C-BCA6-10FA88AC53DC}.Release|x86.ActiveCfg = Release|Any CPU
		{AAC54591-5640-4E5C-BCA6-10FA88AC53DC}.Release|x86.Build.0 = Release|Any CPU
	EndGlobalSection
	GlobalSection(SolutionProperties) = preSolution
		HideSolutionNode = FALSE
	EndGlobalSection
	GlobalSection(ExtensibilityGlobals) = postSolution
		SolutionGuid = {274375C2-4731-43B9-A621-B4FDE4D0ABE4}
	EndGlobalSection
EndGlobal
